
Microsoft Visual Studio Solution File, Format Version 12.00
# Visual Studio Version 17
VisualStudioVersion = 17.9.34607.119
MinimumVisualStudioVersion = 10.0.40219.1
Project("{9A19103F-16F7-4668-BE54-9A1E7A4F7556}") = "RazorEFDBFirst24Solution", "RazorEFDBFirst24Solution\RazorEFDBFirst24Solution.csproj", "{6EEBB108-E853-47E2-88F8-074F8EE0EBD2}"
EndProject
Global
	GlobalSection(SolutionConfigurationPlatforms) = preSolution
		Debug|Any CPU = Debug|Any CPU
		Release|Any CPU = Release|Any CPU
	EndGlobalSection
	GlobalSection(ProjectConfigurationPlatforms) = postSolution
		{6EEBB108-E853-47E2-88F8-074F8EE0EBD2}.Debug|Any CPU.ActiveCfg = Debug|Any CPU
		{6EEBB108-E853-47E2-88F8-074F8EE0EBD2}.Debug|Any CPU.Build.0 = Debug|Any CPU
		{6EEBB108-E853-47E2-88F8-074F8EE0EBD2}.Release|Any CPU.ActiveCfg = Release|Any CPU
		{6EEBB108-E853-47E2-88F8-074F8EE0EBD2}.Release|Any CPU.Build.0 = Release|Any CPU
	EndGlobalSection
	GlobalSection(SolutionProperties) = preSolution
		HideSolutionNode = FALSE
	EndGlobalSection
	GlobalSection(ExtensibilityGlobals) = postSolution
		SolutionGuid = {1BB0D087-B698-464E-ACA0-F7E3D3ABE821}
	EndGlobalSection
EndGlobal
